github.com/azihsoyn/rijndael256 v0.0.0-20200316065338-d14eefa2b66b h1:/2dABok/UswXOj5rjbR5bZ411ApGBq1pAEZdy5rvFrY=
github.com/azihsoyn/rijndael256 v0.0.0-20200316065338-d14eefa2b66b/go.mod h1:ef+2vMUkiKcy2Tz7HykB01KbgUnkK4gQKq4ZeR4RYVs=
github.com/cstockton/go-conv v0.0.0-20170524002450-66a2b2ba36e1 h1:h4OgDocdYHGiUh+zUEe4nFlb9ShoHUllqDefGaRoZFg=
github.com/cstockton/go-conv v0.0.0-20170524002450-66a2b2ba36e1/go.mod h1:MBKpQ5HV5wcT/nQYoEqjSMiXwxPouaReOs2f4kj70SQ=
github.com/davecgh/go-spew v1.1.1 h1:vj9j/u1bqnvCEfJOwUhtlOARqs3+rkHYY13jYWTU97c=
github.com/davecgh/go-spew v1.1.1/go.mod h1:J7Y8YcW2NihsgmVo/mv3lAwl/skON4iLHjSsI+c5H38=
github.com/go-test/deep v1.0.7 h1:/VSMRlnY/JSyqxQUzQLKVMAskpY/NZKFA5j2P+0pP2M=
github.com/go-test/deep v1.0.7/go.mod h1:QV8Hv/iy04NyLBxAdO9njL0iVPN1S4d/A3NVv1V36o8=
github.com/jnovack/flag v1.15.0 h1:ENYkyIpoKg2u57ME6sK0204om4FdXznbuEeLu5bjfJI=
github.com/jnovack/flag v1.15.0/go.mod h1:k96ecNuM1uCWu77DCU/2ICA05POKE56bl6/KFy3WdME=
github.com/pmezard/go-difflib v1.0.0 h1:4DBwDE0NGyQoBHbLQYPwSUPoCMWR5BEzIk/f1lZbAQM=
github.com/pmezard/go-difflib v1.0.0/go.mod h1:iKH77koFhYxTK1pcRnkKkqfTogsbg7gZNVY4sRDYZ/4=
github.com/sirupsen/logrus v1.7.0 h1:ShrD1U9pZB12TX0cVy0DtePoCH97K8EtX+mg7ZARUtM=
github.com/sirupsen/logrus v1.7.0/go.mod h1:yWOB1SBYBC5VeMP7gHvWumXLIWorT60ONWic61uBYv0=
github.com/spali/go-slicereader v0.0.0-20201122145524-8e262e1a5127 h1:YDqvwAH/l3S4ZULmKlUYszPyLBjHq73CLuUPU+2jJeE=
github.com/spali/go-slicereader v0.0.0-20201122145524-8e262e1a5127/go.mod h1:nf5bOq6n8UugtmQiD3l0BzkE5VP4NvyngFZVkH3ZzgM=
github.com/stretchr/testify v1.2.2 h1:bSDNvY7ZPG5RlJ8otE/7V6gMiyenm9RtJ7IUVIAoJ1w=
github.com/stretchr/testify v1.2.2/go.mod h1:a8OnRcib4nhh0OaRAV+Yts87kKdq0PP7pXfy6kDkUVs=
golang.org/x/sys v0.0.0-20191026070338-33540a1f6037 h1:YyJpGZS1sBuBCzLAR1VEpK193GlqGZbnPFnPV/5Rsb4=
golang.org/x/sys v0.0.0-20191026070338-33540a1f6037/go.mod h1:h1NjWce9XRLGQEsW7wpKNCjG9DtNlClVuFLEZdDNbEs=
